
Microsoft Visual Studio Solution File, Format Version 12.00
# Visual Studio Version 17
VisualStudioVersion = 17.8.34316.72
MinimumVisualStudioVersion = 10.0.40219.1
Project("{FAE04EC0-301F-11D3-BF4B-00C04F79EFBC}") = "MainForm", "MainForm.csproj", "{6F5524B0-9824-480B-91B0-11754F5E7FD6}"
EndProject
Global
	GlobalSection(SolutionConfigurationPlatforms) = preSolution
		Debug|Any CPU = Debug|Any CPU
		Release|Any CPU = Release|Any CPU
	EndGlobalSection
	GlobalSection(ProjectConfigurationPlatforms) = postSolution
		{6F5524B0-9824-480B-91B0-11754F5E7FD6}.Debug|Any CPU.ActiveCfg = Debug|Any CPU
		{6F5524B0-9824-480B-91B0-11754F5E7FD6}.Debug|Any CPU.Build.0 = Debug|Any CPU
		{6F5524B0-9824-480B-91B0-11754F5E7FD6}.Release|Any CPU.ActiveCfg = Release|Any CPU
		{6F5524B0-9824-480B-91B0-11754F5E7FD6}.Release|Any CPU.Build.0 = Release|Any CPU
	EndGlobalSection
	GlobalSection(SolutionProperties) = preSolution
		HideSolutionNode = FALSE
	EndGlobalSection
	GlobalSection(ExtensibilityGlobals) = postSolution
		SolutionGuid = {D9944B4E-4E45-4ADF-960C-85A5906F2066}
	EndGlobalSection
EndGlobal
